# This file is automatically @generated by Cargo.
# It is not intended for manual editing.
[[package]]
name = "cfg-if"
version = "0.1.10"
source = "registry+https://github.com/rust-lang/crates.io-index"
checksum = "4785bdd1c96b2a846b2bd7cc02e86b6b3dbf14e7e53446c4f54c92a361040822"

[[package]]
name = "ckb-merkle-mountain-range"
version = "0.3.0"
source = "registry+https://github.com/rust-lang/crates.io-index"
checksum = "349eb8db7f6021e36d1305c711fa3e8265803d94c37e8fe6d02274a1243143b7"
dependencies = [
 "cfg-if",
]

[[package]]
name = "mmr"
version = "0.1.0"
dependencies = [
 "ckb-merkle-mountain-range",
]
